
Microsoft Visual Studio Solution File, Format Version 12.00
# Visual Studio Version 17
VisualStudioVersion = 17.14.36930.0 d17.14
MinimumVisualStudioVersion = 10.0.40219.1
Project("{FAE04EC0-301F-11D3-BF4B-00C04F79EFBC}") = "Type Casting", "Type Casting.csproj", "{3E65F963-E496-4A02-B563-B4C168D57B82}"
EndProject
Global
	GlobalSection(SolutionConfigurationPlatforms) = preSolution
		Debug|Any CPU = Debug|Any CPU
		Release|Any CPU = Release|Any CPU
	EndGlobalSection
	GlobalSection(ProjectConfigurationPlatforms) = postSolution
		{3E65F963-E496-4A02-B563-B4C168D57B82}.Debug|Any CPU.ActiveCfg = Debug|Any CPU
		{3E65F963-E496-4A02-B563-B4C168D57B82}.Debug|Any CPU.Build.0 = Debug|Any CPU
		{3E65F963-E496-4A02-B563-B4C168D57B82}.Release|Any CPU.ActiveCfg = Release|Any CPU
		{3E65F963-E496-4A02-B563-B4C168D57B82}.Release|Any CPU.Build.0 = Release|Any CPU
	EndGlobalSection
	GlobalSection(SolutionProperties) = preSolution
		HideSolutionNode = FALSE
	EndGlobalSection
	GlobalSection(ExtensibilityGlobals) = postSolution
		SolutionGuid = {4A609C29-6920-4A9A-9A66-BEBDB464677C}
	EndGlobalSection
EndGlobal
